
Microsoft Visual Studio Solution File, Format Version 12.00
# Visual Studio Version 16
VisualStudioVersion = 16.0.33927.289
MinimumVisualStudioVersion = 10.0.40219.1
Project("{FAE04EC0-301F-11D3-BF4B-00C04F79EFBC}") = "Transactions", "Transactions\Transactions.csproj", "{ADF5066E-99D5-4E2B-9286-B39B2754AC34}"
EndProject
Global
	GlobalSection(SolutionConfigurationPlatforms) = preSolution
		Debug|Any CPU = Debug|Any CPU
		Release|Any CPU = Release|Any CPU
	EndGlobalSection
	GlobalSection(ProjectConfigurationPlatforms) = postSolution
		{ADF5066E-99D5-4E2B-9286-B39B2754AC34}.Debug|Any CPU.ActiveCfg = Debug|Any CPU
		{ADF5066E-99D5-4E2B-9286-B39B2754AC34}.Debug|Any CPU.Build.0 = Debug|Any CPU
		{ADF5066E-99D5-4E2B-9286-B39B2754AC34}.Release|Any CPU.ActiveCfg = Release|Any CPU
		{ADF5066E-99D5-4E2B-9286-B39B2754AC34}.Release|Any CPU.Build.0 = Release|Any CPU
	EndGlobalSection
	GlobalSection(SolutionProperties) = preSolution
		HideSolutionNode = FALSE
	EndGlobalSection
	GlobalSection(ExtensibilityGlobals) = postSolution
		SolutionGuid = {48178748-9AAD-4254-ABEC-1DCE667FE13D}
	EndGlobalSection
EndGlobal
