
Microsoft Visual Studio Solution File, Format Version 12.00
# Visual Studio Version 16
VisualStudioVersion = 16.0.33927.289
MinimumVisualStudioVersion = 10.0.40219.1
Project("{FAE04EC0-301F-11D3-BF4B-00C04F79EFBC}") = "Csharp_codebased_Test1", "Csharp_codebased_Test1\Csharp_codebased_Test1.csproj", "{C765BD6C-4221-45AD-8D4C-D5FF40D9A2FB}"
EndProject
Global
	GlobalSection(SolutionConfigurationPlatforms) = preSolution
		Debug|Any CPU = Debug|Any CPU
		Release|Any CPU = Release|Any CPU
	EndGlobalSection
	GlobalSection(ProjectConfigurationPlatforms) = postSolution
		{C765BD6C-4221-45AD-8D4C-D5FF40D9A2FB}.Debug|Any CPU.ActiveCfg = Debug|Any CPU
		{C765BD6C-4221-45AD-8D4C-D5FF40D9A2FB}.Debug|Any CPU.Build.0 = Debug|Any CPU
		{C765BD6C-4221-45AD-8D4C-D5FF40D9A2FB}.Release|Any CPU.ActiveCfg = Release|Any CPU
		{C765BD6C-4221-45AD-8D4C-D5FF40D9A2FB}.Release|Any CPU.Build.0 = Release|Any CPU
	EndGlobalSection
	GlobalSection(SolutionProperties) = preSolution
		HideSolutionNode = FALSE
	EndGlobalSection
	GlobalSection(ExtensibilityGlobals) = postSolution
		SolutionGuid = {A48D0D54-F753-4189-A59F-C9F795392D43}
	EndGlobalSection
EndGlobal
